
Microsoft Visual Studio Solution File, Format Version 12.00
# Visual Studio 14
VisualStudioVersion = 14.0.25420.1
MinimumVisualStudioVersion = 10.0.40219.1
Project("{2150E333-8FDC-42A3-9474-1A3956D46DE8}") = "src", "src", "{C348F2E9-1751-4869-91BF-C627743DBDF3}"
EndProject
Project("{2150E333-8FDC-42A3-9474-1A3956D46DE8}") = "Solution Items", "Solution Items", "{E48C8162-06E6-4703-9BAB-B37F6B65A53F}"
	ProjectSection(SolutionItems) = preProject
		global.json = global.json
	EndProjectSection
EndProject
Project("{8BB2217D-0F2D-49D1-97BC-3654ED321F3B}") = "HBlog.Web", "src\HBlog.Web\HBlog.Web.xproj", "{D2DB6325-1225-49BD-97F9-81924536CC6D}"
EndProject
Project("{8BB2217D-0F2D-49D1-97BC-3654ED321F3B}") = "Cheergo.Kernel", "src\Cheergo.Kernel\Cheergo.Kernel.xproj", "{ED5BB23A-B035-4EAD-8532-F9E23E3DE49C}"
EndProject
Project("{8BB2217D-0F2D-49D1-97BC-3654ED321F3B}") = "Cheergo.Redis.Extensions", "src\Cheergo.Redis.Extensions\Cheergo.Redis.Extensions.xproj", "{DEA59D3D-EC51-4805-A797-00C95162050A}"
EndProject
Project("{2150E333-8FDC-42A3-9474-1A3956D46DE8}") = "test", "test", "{C213D497-0A8C-40FA-8A14-4BC28BAC891C}"
EndProject
Project("{8BB2217D-0F2D-49D1-97BC-3654ED321F3B}") = "HTest", "HTest\HTest.xproj", "{F862DD60-67E0-4B8E-A258-47FAF36166BF}"
EndProject
Project("{8BB2217D-0F2D-49D1-97BC-3654ED321F3B}") = "Cheergo.AspNetCore", "src\Cheergo.AspNetCore\Cheergo.AspNetCore.xproj", "{A5B80D60-6D06-4F04-AA4B-3A7D1405B278}"
EndProject
Project("{8BB2217D-0F2D-49D1-97BC-3654ED321F3B}") = "HBlog.Core", "src\HBlog.Core\HBlog.Core.xproj", "{F8D64035-71C0-4695-8E43-9CF417EAD33F}"
EndProject
Project("{8BB2217D-0F2D-49D1-97BC-3654ED321F3B}") = "Cheergo.Mongo.Extensions", "src\Cheergo.Mongo.Extensions\Cheergo.Mongo.Extensions.xproj", "{CC7B5E13-0F4A-4A1F-BBDC-F9A236BD3E93}"
EndProject
Global
	GlobalSection(SolutionConfigurationPlatforms) = preSolution
		Debug|Any CPU = Debug|Any CPU
		Release|Any CPU = Release|Any CPU
	EndGlobalSection
	GlobalSection(ProjectConfigurationPlatforms) = postSolution
		{D2DB6325-1225-49BD-97F9-81924536CC6D}.Debug|Any CPU.ActiveCfg = Debug|Any CPU
		{D2DB6325-1225-49BD-97F9-81924536CC6D}.Debug|Any CPU.Build.0 = Debug|Any CPU
		{D2DB6325-1225-49BD-97F9-81924536CC6D}.Release|Any CPU.ActiveCfg = Release|Any CPU
		{D2DB6325-1225-49BD-97F9-81924536CC6D}.Release|Any CPU.Build.0 = Release|Any CPU
		{ED5BB23A-B035-4EAD-8532-F9E23E3DE49C}.Debug|Any CPU.ActiveCfg = Debug|Any CPU
		{ED5BB23A-B035-4EAD-8532-F9E23E3DE49C}.Debug|Any CPU.Build.0 = Debug|Any CPU
		{ED5BB23A-B035-4EAD-8532-F9E23E3DE49C}.Release|Any CPU.ActiveCfg = Release|Any CPU
		{ED5BB23A-B035-4EAD-8532-F9E23E3DE49C}.Release|Any CPU.Build.0 = Release|Any CPU
		{DEA59D3D-EC51-4805-A797-00C95162050A}.Debug|Any CPU.ActiveCfg = Debug|Any CPU
		{DEA59D3D-EC51-4805-A797-00C95162050A}.Debug|Any CPU.Build.0 = Debug|Any CPU
		{DEA59D3D-EC51-4805-A797-00C95162050A}.Release|Any CPU.ActiveCfg = Release|Any CPU
		{DEA59D3D-EC51-4805-A797-00C95162050A}.Release|Any CPU.Build.0 = Release|Any CPU
		{F862DD60-67E0-4B8E-A258-47FAF36166BF}.Debug|Any CPU.ActiveCfg = Debug|Any CPU
		{F862DD60-67E0-4B8E-A258-47FAF36166BF}.Debug|Any CPU.Build.0 = Debug|Any CPU
		{F862DD60-67E0-4B8E-A258-47FAF36166BF}.Release|Any CPU.ActiveCfg = Release|Any CPU
		{F862DD60-67E0-4B8E-A258-47FAF36166BF}.Release|Any CPU.Build.0 = Release|Any CPU
		{A5B80D60-6D06-4F04-AA4B-3A7D1405B278}.Debug|Any CPU.ActiveCfg = Debug|Any CPU
		{A5B80D60-6D06-4F04-AA4B-3A7D1405B278}.Debug|Any CPU.Build.0 = Debug|Any CPU
		{A5B80D60-6D06-4F04-AA4B-3A7D1405B278}.Release|Any CPU.ActiveCfg = Release|Any CPU
		{A5B80D60-6D06-4F04-AA4B-3A7D1405B278}.Release|Any CPU.Build.0 = Release|Any CPU
		{F8D64035-71C0-4695-8E43-9CF417EAD33F}.Debug|Any CPU.ActiveCfg = Debug|Any CPU
		{F8D64035-71C0-4695-8E43-9CF417EAD33F}.Debug|Any CPU.Build.0 = Debug|Any CPU
		{F8D64035-71C0-4695-8E43-9CF417EAD33F}.Release|Any CPU.ActiveCfg = Release|Any CPU
		{F8D64035-71C0-4695-8E43-9CF417EAD33F}.Release|Any CPU.Build.0 = Release|Any CPU
		{CC7B5E13-0F4A-4A1F-BBDC-F9A236BD3E93}.Debug|Any CPU.ActiveCfg = Debug|Any CPU
		{CC7B5E13-0F4A-4A1F-BBDC-F9A236BD3E93}.Debug|Any CPU.Build.0 = Debug|Any CPU
		{CC7B5E13-0F4A-4A1F-BBDC-F9A236BD3E93}.Release|Any CPU.ActiveCfg = Release|Any CPU
		{CC7B5E13-0F4A-4A1F-BBDC-F9A236BD3E93}.Release|Any CPU.Build.0 = Release|Any CPU
	EndGlobalSection
	GlobalSection(SolutionProperties) = preSolution
		HideSolutionNode = FALSE
	EndGlobalSection
	GlobalSection(NestedProjects) = preSolution
		{D2DB6325-1225-49BD-97F9-81924536CC6D} = {C348F2E9-1751-4869-91BF-C627743DBDF3}
		{ED5BB23A-B035-4EAD-8532-F9E23E3DE49C} = {C348F2E9-1751-4869-91BF-C627743DBDF3}
		{DEA59D3D-EC51-4805-A797-00C95162050A} = {C348F2E9-1751-4869-91BF-C627743DBDF3}
		{F862DD60-67E0-4B8E-A258-47FAF36166BF} = {C213D497-0A8C-40FA-8A14-4BC28BAC891C}
		{A5B80D60-6D06-4F04-AA4B-3A7D1405B278} = {C348F2E9-1751-4869-91BF-C627743DBDF3}
		{F8D64035-71C0-4695-8E43-9CF417EAD33F} = {C348F2E9-1751-4869-91BF-C627743DBDF3}
		{CC7B5E13-0F4A-4A1F-BBDC-F9A236BD3E93} = {C348F2E9-1751-4869-91BF-C627743DBDF3}
	EndGlobalSection
EndGlobal
